
Microsoft Visual Studio Solution File, Format Version 12.00
# Visual Studio Version 16
VisualStudioVersion = 16.0.30406.217
MinimumVisualStudioVersion = 10.0.40219.1
Project("{FAE04EC0-301F-11D3-BF4B-00C04F79EFBC}") = "personalWeb", "personalWeb\personalWeb.csproj", "{43458B58-37FB-44E8-B601-F3AF234804C1}"
EndProject
Global
	GlobalSection(SolutionConfigurationPlatforms) = preSolution
		Debug|Any CPU = Debug|Any CPU
		Release|Any CPU = Release|Any CPU
	EndGlobalSection
	GlobalSection(ProjectConfigurationPlatforms) = postSolution
		{43458B58-37FB-44E8-B601-F3AF234804C1}.Debug|Any CPU.ActiveCfg = Debug|Any CPU
		{43458B58-37FB-44E8-B601-F3AF234804C1}.Debug|Any CPU.Build.0 = Debug|Any CPU
		{43458B58-37FB-44E8-B601-F3AF234804C1}.Release|Any CPU.ActiveCfg = Release|Any CPU
		{43458B58-37FB-44E8-B601-F3AF234804C1}.Release|Any CPU.Build.0 = Release|Any CPU
	EndGlobalSection
	GlobalSection(SolutionProperties) = preSolution
		HideSolutionNode = FALSE
	EndGlobalSection
	GlobalSection(ExtensibilityGlobals) = postSolution
		SolutionGuid = {4349685F-E85E-4A11-9463-2397CB192306}
	EndGlobalSection
EndGlobal
